{
  "name": "react-native-google-drive-api-wrapper",
  "version": "1.2.0",
  "lockfileVersion": 1,
  "requires": true,
  "dependencies": {
    "base-64": {
      "version": "0.1.0",
      "resolved": "https://registry.npmjs.org/base-64/-/base-64-0.1.0.tgz",
      "integrity": "sha1-eAqZyE59YAJgNhURxId2E78k9rs="
    },
    "react-native-fs": {
      "version": "2.16.6",
      "resolved": "https://registry.npmjs.org/react-native-fs/-/react-native-fs-2.16.6.tgz",
      "integrity": "sha512-ZWOooD1AuFoAGY3HS2GY7Qx2LZo4oIg6AK0wbC68detxwvX75R/q9lRqThXNKP6vIo2VHWa0fYUo/SrLw80E8w==",
      "requires": {
        "base-64": "^0.1.0",
        "utf8": "^3.0.0"
      }
    },
    "simple-common-utils": {
      "version": "2.2.0",
      "resolved": "https://registry.npmjs.org/simple-common-utils/-/simple-common-utils-2.2.0.tgz",
      "integrity": "sha512-ffTqWrTO0U2/V5exLTl3ex/3Wt15dzhaD2vN0+EBUGx98OI0h6V6Y1qAEm4hyATwuVFU+Q3jewW2hAtFVN39kg=="
    },
    "utf8": {
      "version": "3.0.0",
      "resolved": "https://registry.npmjs.org/utf8/-/utf8-3.0.0.tgz",
      "integrity": "sha512-E8VjFIQ/TyQgp+TZfS6l8yp/xWppSAHzidGiRrqe4bK4XP9pTRyKFgGJpO3SN7zdX4DeomTrwaseCHovfpFcqQ=="
    }
  }
}
